
Microsoft Visual Studio Solution File, Format Version 12.00
# Visual Studio Version 16
VisualStudioVersion = 16.0.29409.12
MinimumVisualStudioVersion = 10.0.40219.1
Project("{9A19103F-16F7-4668-BE54-9A1E7A4F7556}") = "ClassicAssist", "ClassicAssist\ClassicAssist.csproj", "{2161A709-F90A-4308-976F-3457A9DAB80A}"
EndProject
Project("{9A19103F-16F7-4668-BE54-9A1E7A4F7556}") = "ClassicAssist.Tests", "ClassicAssist.Tests\ClassicAssist.Tests.csproj", "{74E4B043-EF93-4209-B22F-FD18B33A64A3}"
EndProject
Project("{9A19103F-16F7-4668-BE54-9A1E7A4F7556}") = "ClassicAssist.UITest", "ClassicAssist.UITest\ClassicAssist.UITest.csproj", "{124ED754-BAF7-4B3B-A197-2E5025B9CAC6}"
EndProject
Project("{9A19103F-16F7-4668-BE54-9A1E7A4F7556}") = "ClassicAssist.Updater", "ClassicAssist.Updater\ClassicAssist.Updater.csproj", "{FFE5F0B1-975B-45D4-84DD-C9DE6C8EC6B8}"
EndProject
Project("{9A19103F-16F7-4668-BE54-9A1E7A4F7556}") = "ClassicAssist.Launcher", "ClassicAssist.Launcher\ClassicAssist.Launcher.csproj", "{CFF7A03E-9940-428C-970C-42C1455DAEC1}"
EndProject
Project("{2150E333-8FDC-42A3-9474-1A3956D46DE8}") = "Tools", "Tools", "{5D66EE29-B1A3-4EBA-8D70-22968AD88EE7}"
EndProject
Project("{9A19103F-16F7-4668-BE54-9A1E7A4F7556}") = "ExportCommands", "Tools\ExportCommands\ExportCommands.csproj", "{52BF9AF6-77E1-487D-9996-44258B0F519D}"
EndProject
Global
	GlobalSection(SolutionConfigurationPlatforms) = preSolution
		Debug|Any CPU = Debug|Any CPU
		Release|Any CPU = Release|Any CPU
	EndGlobalSection
	GlobalSection(ProjectConfigurationPlatforms) = postSolution
		{2161A709-F90A-4308-976F-3457A9DAB80A}.Debug|Any CPU.ActiveCfg = Debug|Any CPU
		{2161A709-F90A-4308-976F-3457A9DAB80A}.Debug|Any CPU.Build.0 = Debug|Any CPU
		{2161A709-F90A-4308-976F-3457A9DAB80A}.Release|Any CPU.ActiveCfg = Release|Any CPU
		{2161A709-F90A-4308-976F-3457A9DAB80A}.Release|Any CPU.Build.0 = Release|Any CPU
		{74E4B043-EF93-4209-B22F-FD18B33A64A3}.Debug|Any CPU.ActiveCfg = Debug|Any CPU
		{74E4B043-EF93-4209-B22F-FD18B33A64A3}.Debug|Any CPU.Build.0 = Debug|Any CPU
		{74E4B043-EF93-4209-B22F-FD18B33A64A3}.Release|Any CPU.ActiveCfg = Release|Any CPU
		{74E4B043-EF93-4209-B22F-FD18B33A64A3}.Release|Any CPU.Build.0 = Release|Any CPU
		{124ED754-BAF7-4B3B-A197-2E5025B9CAC6}.Debug|Any CPU.ActiveCfg = Debug|Any CPU
		{124ED754-BAF7-4B3B-A197-2E5025B9CAC6}.Debug|Any CPU.Build.0 = Debug|Any CPU
		{124ED754-BAF7-4B3B-A197-2E5025B9CAC6}.Release|Any CPU.ActiveCfg = Release|Any CPU
		{124ED754-BAF7-4B3B-A197-2E5025B9CAC6}.Release|Any CPU.Build.0 = Release|Any CPU
		{FFE5F0B1-975B-45D4-84DD-C9DE6C8EC6B8}.Debug|Any CPU.ActiveCfg = Debug|Any CPU
		{FFE5F0B1-975B-45D4-84DD-C9DE6C8EC6B8}.Debug|Any CPU.Build.0 = Debug|Any CPU
		{FFE5F0B1-975B-45D4-84DD-C9DE6C8EC6B8}.Release|Any CPU.ActiveCfg = Release|Any CPU
		{FFE5F0B1-975B-45D4-84DD-C9DE6C8EC6B8}.Release|Any CPU.Build.0 = Release|Any CPU
		{CFF7A03E-9940-428C-970C-42C1455DAEC1}.Debug|Any CPU.ActiveCfg = Debug|Any CPU
		{CFF7A03E-9940-428C-970C-42C1455DAEC1}.Debug|Any CPU.Build.0 = Debug|Any CPU
		{CFF7A03E-9940-428C-970C-42C1455DAEC1}.Release|Any CPU.ActiveCfg = Release|Any CPU
		{CFF7A03E-9940-428C-970C-42C1455DAEC1}.Release|Any CPU.Build.0 = Release|Any CPU
		{52BF9AF6-77E1-487D-9996-44258B0F519D}.Debug|Any CPU.ActiveCfg = Debug|Any CPU
		{52BF9AF6-77E1-487D-9996-44258B0F519D}.Debug|Any CPU.Build.0 = Debug|Any CPU
		{52BF9AF6-77E1-487D-9996-44258B0F519D}.Release|Any CPU.ActiveCfg = Release|Any CPU
		{52BF9AF6-77E1-487D-9996-44258B0F519D}.Release|Any CPU.Build.0 = Release|Any CPU
	EndGlobalSection
	GlobalSection(SolutionProperties) = preSolution
		HideSolutionNode = FALSE
	EndGlobalSection
	GlobalSection(NestedProjects) = preSolution
		{52BF9AF6-77E1-487D-9996-44258B0F519D} = {5D66EE29-B1A3-4EBA-8D70-22968AD88EE7}
	EndGlobalSection
	GlobalSection(ExtensibilityGlobals) = postSolution
		SolutionGuid = {9D303253-94E6-4A3E-B0B6-7E0E06B3E9CD}
	EndGlobalSection
EndGlobal
